
Microsoft Visual Studio Solution File, Format Version 12.00
# Visual Studio Version 17
VisualStudioVersion = 17.2.32526.322
MinimumVisualStudioVersion = 10.0.40219.1
Project("{FAE04EC0-301F-11D3-BF4B-00C04F79EFBC}") = "MvcFullCrudDay58O", "MvcFullCrudDay58O\MvcFullCrudDay58O.csproj", "{114354F4-F189-4982-BAB7-C8124D9BDEF2}"
EndProject
Global
	GlobalSection(SolutionConfigurationPlatforms) = preSolution
		Debug|Any CPU = Debug|Any CPU
		Release|Any CPU = Release|Any CPU
	EndGlobalSection
	GlobalSection(ProjectConfigurationPlatforms) = postSolution
		{114354F4-F189-4982-BAB7-C8124D9BDEF2}.Debug|Any CPU.ActiveCfg = Debug|Any CPU
		{114354F4-F189-4982-BAB7-C8124D9BDEF2}.Debug|Any CPU.Build.0 = Debug|Any CPU
		{114354F4-F189-4982-BAB7-C8124D9BDEF2}.Release|Any CPU.ActiveCfg = Release|Any CPU
		{114354F4-F189-4982-BAB7-C8124D9BDEF2}.Release|Any CPU.Build.0 = Release|Any CPU
	EndGlobalSection
	GlobalSection(SolutionProperties) = preSolution
		HideSolutionNode = FALSE
	EndGlobalSection
	GlobalSection(ExtensibilityGlobals) = postSolution
		SolutionGuid = {0E6E6F50-801A-4BB9-857E-702407F74BB4}
	EndGlobalSection
EndGlobal
